
Microsoft Visual Studio Solution File, Format Version 12.00
# Visual Studio Version 17
VisualStudioVersion = 17.2.32519.379
MinimumVisualStudioVersion = 10.0.40219.1
Project("{FAE04EC0-301F-11D3-BF4B-00C04F79EFBC}") = "pryFirma", "pryFirma.csproj", "{C336E500-0DD9-4CD2-BB2C-82B94A021028}"
EndProject
Global
	GlobalSection(SolutionConfigurationPlatforms) = preSolution
		Debug|Any CPU = Debug|Any CPU
		Release|Any CPU = Release|Any CPU
	EndGlobalSection
	GlobalSection(ProjectConfigurationPlatforms) = postSolution
		{C336E500-0DD9-4CD2-BB2C-82B94A021028}.Debug|Any CPU.ActiveCfg = Debug|Any CPU
		{C336E500-0DD9-4CD2-BB2C-82B94A021028}.Debug|Any CPU.Build.0 = Debug|Any CPU
		{C336E500-0DD9-4CD2-BB2C-82B94A021028}.Release|Any CPU.ActiveCfg = Release|Any CPU
		{C336E500-0DD9-4CD2-BB2C-82B94A021028}.Release|Any CPU.Build.0 = Release|Any CPU
	EndGlobalSection
	GlobalSection(SolutionProperties) = preSolution
		HideSolutionNode = FALSE
	EndGlobalSection
	GlobalSection(ExtensibilityGlobals) = postSolution
		SolutionGuid = {661214E6-1662-4A35-A359-F3E9742C7BF0}
	EndGlobalSection
EndGlobal
